
Microsoft Visual Studio Solution File, Format Version 12.00
# Visual Studio Version 16
VisualStudioVersion = 16.0.28803.452
MinimumVisualStudioVersion = 10.0.40219.1
Project("{8BC9CEB8-8B4A-11D0-8D11-00A0C91BC942}") = "Websocket", "iocpex\iocpex.vcxproj", "{97302BE3-59FF-459C-812C-C15256D222C9}"
EndProject
Global
	GlobalSection(SolutionConfigurationPlatforms) = preSolution
		Debug|Win32 = Debug|Win32
		Release|Win32 = Release|Win32
	EndGlobalSection
	GlobalSection(ProjectConfigurationPlatforms) = postSolution
		{97302BE3-59FF-459C-812C-C15256D222C9}.Debug|Win32.ActiveCfg = Debug|Win32
		{97302BE3-59FF-459C-812C-C15256D222C9}.Debug|Win32.Build.0 = Debug|Win32
		{97302BE3-59FF-459C-812C-C15256D222C9}.Release|Win32.ActiveCfg = Release|Win32
		{97302BE3-59FF-459C-812C-C15256D222C9}.Release|Win32.Build.0 = Release|Win32
	EndGlobalSection
	GlobalSection(SolutionProperties) = preSolution
		HideSolutionNode = FALSE
	EndGlobalSection
	GlobalSection(ExtensibilityGlobals) = postSolution
		SolutionGuid = {21C80096-691E-46A2-B9D5-8164E3BBF617}
	EndGlobalSection
EndGlobal
